
Microsoft Visual Studio Solution File, Format Version 12.00
# Visual Studio Version 17
VisualStudioVersion = 17.14.36804.6 d17.14
MinimumVisualStudioVersion = 10.0.40219.1
Project("{FAE04EC0-301F-11D3-BF4B-00C04F79EFBC}") = "SpireAgentOffice", "SpireAgentOffice.csproj", "{0C2B9411-951C-707B-90C9-D2652521D507}"
EndProject
Global
	GlobalSection(SolutionConfigurationPlatforms) = preSolution
		Debug|Any CPU = Debug|Any CPU
		Release|Any CPU = Release|Any CPU
	EndGlobalSection
	GlobalSection(ProjectConfigurationPlatforms) = postSolution
		{0C2B9411-951C-707B-90C9-D2652521D507}.Debug|Any CPU.ActiveCfg = Debug|Any CPU
		{0C2B9411-951C-707B-90C9-D2652521D507}.Debug|Any CPU.Build.0 = Debug|Any CPU
		{0C2B9411-951C-707B-90C9-D2652521D507}.Release|Any CPU.ActiveCfg = Release|Any CPU
		{0C2B9411-951C-707B-90C9-D2652521D507}.Release|Any CPU.Build.0 = Release|Any CPU
	EndGlobalSection
	GlobalSection(SolutionProperties) = preSolution
		HideSolutionNode = FALSE
	EndGlobalSection
	GlobalSection(ExtensibilityGlobals) = postSolution
		SolutionGuid = {D55A9B8B-6C38-4C25-B400-0A99ADDE0DA5}
	EndGlobalSection
EndGlobal
